
Microsoft Visual Studio Solution File, Format Version 12.00
# Visual Studio Version 17
VisualStudioVersion = 17.4.33403.182
MinimumVisualStudioVersion = 10.0.40219.1
Project("{9A19103F-16F7-4668-BE54-9A1E7A4F7556}") = "TaskNinja", "TaskNinja.csproj", "{7ACACEFE-0C83-44B0-9904-C70CD465E228}"
EndProject
Global
	GlobalSection(SolutionConfigurationPlatforms) = preSolution
		Debug|Any CPU = Debug|Any CPU
		Release|Any CPU = Release|Any CPU
	EndGlobalSection
	GlobalSection(ProjectConfigurationPlatforms) = postSolution
		{7ACACEFE-0C83-44B0-9904-C70CD465E228}.Debug|Any CPU.ActiveCfg = Debug|Any CPU
		{7ACACEFE-0C83-44B0-9904-C70CD465E228}.Debug|Any CPU.Build.0 = Debug|Any CPU
		{7ACACEFE-0C83-44B0-9904-C70CD465E228}.Release|Any CPU.ActiveCfg = Release|Any CPU
		{7ACACEFE-0C83-44B0-9904-C70CD465E228}.Release|Any CPU.Build.0 = Release|Any CPU
	EndGlobalSection
	GlobalSection(SolutionProperties) = preSolution
		HideSolutionNode = FALSE
	EndGlobalSection
	GlobalSection(ExtensibilityGlobals) = postSolution
		SolutionGuid = {4DFD1C22-6A12-4AB8-9EDC-EBD21F290EB0}
	EndGlobalSection
EndGlobal
